// !$*UTF8*$!
{
	archiveVersion = 1;
	classes = {
	};
	objectVersion = 50;
	objects = {

/* Begin PBXBuildFile section */
		EA48363D20B942E4009BF13E /* Main.storyboard in Resources */ = {isa = PBXBuildFile; fileRef = EA48363B20B942E4009BF13E /* Main.storyboard */; };
		EA48363F20B942E7009BF13E /* Assets.xcassets in Resources */ = {isa = PBXBuildFile; fileRef = EA48363E20B942E7009BF13E /* Assets.xcassets */; };
		EA48364220B942E7009BF13E /* LaunchScreen.storyboard in Resources */ = {isa = PBXBuildFile; fileRef = EA48364020B942E7009BF13E /* LaunchScreen.storyboard */; };
		EA48364F20B942E8009BF13E /* NoteTests.m in Sources */ = {isa = PBXBuildFile; fileRef = EA48364E20B942E8009BF13E /* NoteTests.m */; };
		EA48365A20B942E8009BF13E /* NoteUITests.m in Sources */ = {isa = PBXBuildFile; fileRef = EA48365920B942E8009BF13E /* NoteUITests.m */; };
		EA48367120B947CC009BF13E /* main.m in Sources */ = {isa = PBXBuildFile; fileRef = EA48366E20B947CC009BF13E /* main.m */; };
		EA48367220B947CC009BF13E /* AppDelegate.m in Sources */ = {isa = PBXBuildFile; fileRef = EA48366F20B947CC009BF13E /* AppDelegate.m */; };
		EA48367320B947CC009BF13E /* TableViewController.m in Sources */ = {isa = PBXBuildFile; fileRef = EA48367020B947CC009BF13E /* TableViewController.m */; };
		EA48367620B948E9009BF13E /* LogicViewController.m in Sources */ = {isa = PBXBuildFile; fileRef = EA48367520B948E9009BF13E /* LogicViewController.m */; };
		EA48367920B94910009BF13E /* LogicModel.m in Sources */ = {isa = PBXBuildFile; fileRef = EA48367820B94910009BF13E /* LogicModel.m */; };
		EA48367C20B949E4009BF13E /* TableModel.m in Sources */ = {isa = PBXBuildFile; fileRef = EA48367B20B949E4009BF13E /* TableModel.m */; };
/* End PBXBuildFile section */

/* Begin PBXContainerItemProxy section */
		EA48364B20B942E8009BF13E /* PBXContainerItemProxy */ = {
			isa = PBXContainerItemProxy;
			containerPortal = EA48362A20B942E4009BF13E /* Project object */;
			proxyType = 1;
			remoteGlobalIDString = EA48363120B942E4009BF13E;
			remoteInfo = Note;
		};
		EA48365620B942E8009BF13E /* PBXContainerItemProxy */ = {
			isa = PBXContainerItemProxy;
			containerPortal = EA48362A20B942E4009BF13E /* Project object */;
			proxyType = 1;
			remoteGlobalIDString = EA48363120B942E4009BF13E;
			remoteInfo = Note;
		};
/* End PBXContainerItemProxy section */

/* Begin PBXFileReference section */
		EA48363220B942E4009BF13E /* Note.app */ = {isa = PBXFileReference; explicitFileType = wrapper.application; includeInIndex = 0; path = Note.app; sourceTree = BUILT_PRODUCTS_DIR; };
		EA48363C20B942E4009BF13E /* Base */ = {isa = PBXFileReference; lastKnownFileType = file.storyboard; name = Base; path = Base.lproj/Main.storyboard; sourceTree = "<group>"; };
		EA48363E20B942E7009BF13E /* Assets.xcassets */ = {isa = PBXFileReference; lastKnownFileType = folder.assetcatalog; path = Assets.xcassets; sourceTree = "<group>"; };
		EA48364120B942E7009BF13E /* Base */ = {isa = PBXFileReference; lastKnownFileType = file.storyboard; name = Base; path = Base.lproj/LaunchScreen.storyboard; sourceTree = "<group>"; };
		EA48364320B942E7009BF13E /* Info.plist */ = {isa = PBXFileReference; lastKnownFileType = text.plist.xml; path = Info.plist; sourceTree = "<group>"; };
		EA48364A20B942E8009BF13E /* NoteTests.xctest */ = {isa = PBXFileReference; explicitFileType = wrapper.cfbundle; includeInIndex = 0; path = NoteTests.xctest; sourceTree = BUILT_PRODUCTS_DIR; };
		EA48364E20B942E8009BF13E /* NoteTests.m */ = {isa = PBXFileReference; lastKnownFileType = sourcecode.c.objc; path = NoteTests.m; sourceTree = "<group>"; };
		EA48365020B942E8009BF13E /* Info.plist */ = {isa = PBXFileReference; lastKnownFileType = text.plist.xml; path = Info.plist; sourceTree = "<group>"; };
		EA48365520B942E8009BF13E /* NoteUITests.xctest */ = {isa = PBXFileReference; explicitFileType = wrapper.cfbundle; includeInIndex = 0; path = NoteUITests.xctest; sourceTree = BUILT_PRODUCTS_DIR; };
		EA48365920B942E8009BF13E /* NoteUITests.m */ = {isa = PBXFileReference; lastKnownFileType = sourcecode.c.objc; path = NoteUITests.m; sourceTree = "<group>"; };
		EA48365B20B942E8009BF13E /* Info.plist */ = {isa = PBXFileReference; lastKnownFileType = text.plist.xml; path = Info.plist; sourceTree = "<group>"; };
		EA48366C20B947CC009BF13E /* AppDelegate.h */ = {isa = PBXFileReference; fileEncoding = 4; lastKnownFileType = sourcecode.c.h; path = AppDelegate.h; sourceTree = "<group>"; };
		EA48366D20B947CC009BF13E /* TableViewController.h */ = {isa = PBXFileReference; fileEncoding = 4; lastKnownFileType = sourcecode.c.h; path = TableViewController.h; sourceTree = "<group>"; };
		EA48366E20B947CC009BF13E /* main.m */ = {isa = PBXFileReference; fileEncoding = 4; lastKnownFileType = sourcecode.c.objc; path = main.m; sourceTree = "<group>"; };
		EA48366F20B947CC009BF13E /* AppDelegate.m */ = {isa = PBXFileReference; fileEncoding = 4; lastKnownFileType = sourcecode.c.objc; path = AppDelegate.m; sourceTree = "<group>"; };
		EA48367020B947CC009BF13E /* TableViewController.m */ = {isa = PBXFileReference; fileEncoding = 4; lastKnownFileType = sourcecode.c.objc; path = TableViewController.m; sourceTree = "<group>"; };
		EA48367420B948E9009BF13E /* LogicViewController.h */ = {isa = PBXFileReference; lastKnownFileType = sourcecode.c.h; path = LogicViewController.h; sourceTree = "<group>"; };
		EA48367520B948E9009BF13E /* LogicViewController.m */ = {isa = PBXFileReference; lastKnownFileType = sourcecode.c.objc; path = LogicViewController.m; sourceTree = "<group>"; };
		EA48367720B94910009BF13E /* LogicModel.h */ = {isa = PBXFileReference; lastKnownFileType = sourcecode.c.h; path = LogicModel.h; sourceTree = "<group>"; };
		EA48367820B94910009BF13E /* LogicModel.m */ = {isa = PBXFileReference; lastKnownFileType = sourcecode.c.objc; path = LogicModel.m; sourceTree = "<group>"; };
		EA48367A20B949E4009BF13E /* TableModel.h */ = {isa = PBXFileReference; lastKnownFileType = sourcecode.c.h; path = TableModel.h; sourceTree = "<group>"; };
		EA48367B20B949E4009BF13E /* TableModel.m */ = {isa = PBXFileReference; lastKnownFileType = sourcecode.c.objc; path = TableModel.m; sourceTree = "<group>"; };
/* End PBXFileReference section */

/* Begin PBXFrameworksBuildPhase section */
		EA48362F20B942E4009BF13E /* Frameworks */ = {
			isa = PBXFrameworksBuildPhase;
			buildActionMask = 2147483647;
			files = (
			);
			runOnlyForDeploymentPostprocessing = 0;
		};
		EA48364720B942E8009BF13E /* Frameworks */ = {
			isa = PBXFrameworksBuildPhase;
			buildActionMask = 2147483647;
			files = (
			);
			runOnlyForDeploymentPostprocessing = 0;
		};
		EA48365220B942E8009BF13E /* Frameworks */ = {
			isa = PBXFrameworksBuildPhase;
			buildActionMask = 2147483647;
			files = (
			);
			runOnlyForDeploymentPostprocessing = 0;
		};
/* End PBXFrameworksBuildPhase section */

/* Begin PBXGroup section */
		EA48362920B942E4009BF13E = {
			isa = PBXGroup;
			children = (
				EA48363420B942E4009BF13E /* Note */,
				EA48364D20B942E8009BF13E /* NoteTests */,
				EA48365820B942E8009BF13E /* NoteUITests */,
				EA48363320B942E4009BF13E /* Products */,
			);
			sourceTree = "<group>";
		};
		EA48363320B942E4009BF13E /* Products */ = {
			isa = PBXGroup;
			children = (
				EA48363220B942E4009BF13E /* Note.app */,
				EA48364A20B942E8009BF13E /* NoteTests.xctest */,
				EA48365520B942E8009BF13E /* NoteUITests.xctest */,
			);
			name = Products;
			sourceTree = "<group>";
		};
		EA48363420B942E4009BF13E /* Note */ = {
			isa = PBXGroup;
			children = (
				EA48366B20B947CC009BF13E /* Appdelegate */,
				EA48366A20B94764009BF13E /* Logic */,
			);
			path = Note;
			sourceTree = "<group>";
		};
		EA48364D20B942E8009BF13E /* NoteTests */ = {
			isa = PBXGroup;
			children = (
				EA48364E20B942E8009BF13E /* NoteTests.m */,
				EA48365020B942E8009BF13E /* Info.plist */,
			);
			path = NoteTests;
			sourceTree = "<group>";
		};
		EA48365820B942E8009BF13E /* NoteUITests */ = {
			isa = PBXGroup;
			children = (
				EA48365920B942E8009BF13E /* NoteUITests.m */,
				EA48365B20B942E8009BF13E /* Info.plist */,
			);
			path = NoteUITests;
			sourceTree = "<group>";
		};
		EA48366A20B94764009BF13E /* Logic */ = {
			isa = PBXGroup;
			children = (
				EA48367420B948E9009BF13E /* LogicViewController.h */,
				EA48367520B948E9009BF13E /* LogicViewController.m */,
				EA48367720B94910009BF13E /* LogicModel.h */,
				EA48367820B94910009BF13E /* LogicModel.m */,
			);
			path = Logic;
			sourceTree = "<group>";
		};
		EA48366B20B947CC009BF13E /* Appdelegate */ = {
			isa = PBXGroup;
			children = (
				EA48366E20B947CC009BF13E /* main.m */,
				EA48366C20B947CC009BF13E /* AppDelegate.h */,
				EA48366F20B947CC009BF13E /* AppDelegate.m */,
				EA48366D20B947CC009BF13E /* TableViewController.h */,
				EA48367020B947CC009BF13E /* TableViewController.m */,
				EA48367A20B949E4009BF13E /* TableModel.h */,
				EA48367B20B949E4009BF13E /* TableModel.m */,
				EA48364020B942E7009BF13E /* LaunchScreen.storyboard */,
				EA48363B20B942E4009BF13E /* Main.storyboard */,
				EA48363E20B942E7009BF13E /* Assets.xcassets */,
				EA48364320B942E7009BF13E /* Info.plist */,
			);
			path = Appdelegate;
			sourceTree = "<group>";
		};
/* End PBXGroup section */

/* Begin PBXNativeTarget section */
		EA48363120B942E4009BF13E /* Note */ = {
			isa = PBXNativeTarget;
			buildConfigurationList = EA48365E20B942E8009BF13E /* Build configuration list for PBXNativeTarget "Note" */;
			buildPhases = (
				EA48362E20B942E4009BF13E /* Sources */,
				EA48362F20B942E4009BF13E /* Frameworks */,
				EA48363020B942E4009BF13E /* Resources */,
			);
			buildRules = (
			);
			dependencies = (
			);
			name = Note;
			productName = Note;
			productReference = EA48363220B942E4009BF13E /* Note.app */;
			productType = "com.apple.product-type.application";
		};
		EA48364920B942E8009BF13E /* NoteTests */ = {
			isa = PBXNativeTarget;
			buildConfigurationList = EA48366120B942E8009BF13E /* Build configuration list for PBXNativeTarget "NoteTests" */;
			buildPhases = (
				EA48364620B942E8009BF13E /* Sources */,
				EA48364720B942E8009BF13E /* Frameworks */,
				EA48364820B942E8009BF13E /* Resources */,
			);
			buildRules = (
			);
			dependencies = (
				EA48364C20B942E8009BF13E /* PBXTargetDependency */,
			);
			name = NoteTests;
			productName = NoteTests;
			productReference = EA48364A20B942E8009BF13E /* NoteTests.xctest */;
			productType = "com.apple.product-type.bundle.unit-test";
		};
		EA48365420B942E8009BF13E /* NoteUITests */ = {
			isa = PBXNativeTarget;
			buildConfigurationList = EA48366420B942E8009BF13E /* Build configuration list for PBXNativeTarget "NoteUITests" */;
			buildPhases = (
				EA48365120B942E8009BF13E /* Sources */,
				EA48365220B942E8009BF13E /* Frameworks */,
				EA48365320B942E8009BF13E /* Resources */,
			);
			buildRules = (
			);
			dependencies = (
				EA48365720B942E8009BF13E /* PBXTargetDependency */,
			);
			name = NoteUITests;
			productName = NoteUITests;
			productReference = EA48365520B942E8009BF13E /* NoteUITests.xctest */;
			productType = "com.apple.product-type.bundle.ui-testing";
		};
/* End PBXNativeTarget section */

/* Begin PBXProject section */
		EA48362A20B942E4009BF13E /* Project object */ = {
			isa = PBXProject;
			attributes = {
				LastUpgradeCheck = 0930;
				ORGANIZATIONNAME = key;
				TargetAttributes = {
					EA48363120B942E4009BF13E = {
						CreatedOnToolsVersion = 9.3;
					};
					EA48364920B942E8009BF13E = {
						CreatedOnToolsVersion = 9.3;
						TestTargetID = EA48363120B942E4009BF13E;
					};
					EA48365420B942E8009BF13E = {
						CreatedOnToolsVersion = 9.3;
						TestTargetID = EA48363120B942E4009BF13E;
					};
				};
			};
			buildConfigurationList = EA48362D20B942E4009BF13E /* Build configuration list for PBXProject "Note" */;
			compatibilityVersion = "Xcode 9.3";
			developmentRegion = en;
			hasScannedForEncodings = 0;
			knownRegions = (
				en,
				Base,
			);
			mainGroup = EA48362920B942E4009BF13E;
			productRefGroup = EA48363320B942E4009BF13E /* Products */;
			projectDirPath = "";
			projectRoot = "";
			targets = (
				EA48363120B942E4009BF13E /* Note */,
				EA48364920B942E8009BF13E /* NoteTests */,
				EA48365420B942E8009BF13E /* NoteUITests */,
			);
		};
/* End PBXProject section */

/* Begin PBXResourcesBuildPhase section */
		EA48363020B942E4009BF13E /* Resources */ = {
			isa = PBXResourcesBuildPhase;
			buildActionMask = 2147483647;
			files = (
				EA48364220B942E7009BF13E /* LaunchScreen.storyboard in Resources */,
				EA48363F20B942E7009BF13E /* Assets.xcassets in Resources */,
				EA48363D20B942E4009BF13E /* Main.storyboard in Resources */,
			);
			runOnlyForDeploymentPostprocessing = 0;
		};
		EA48364820B942E8009BF13E /* Resources */ = {
			isa = PBXResourcesBuildPhase;
			buildActionMask = 2147483647;
			files = (
			);
			runOnlyForDeploymentPostprocessing = 0;
		};
		EA48365320B942E8009BF13E /* Resources */ = {
			isa = PBXResourcesBuildPhase;
			buildActionMask = 2147483647;
			files = (
			);
			runOnlyForDeploymentPostprocessing = 0;
		};
/* End PBXResourcesBuildPhase section */

/* Begin PBXSourcesBuildPhase section */
		EA48362E20B942E4009BF13E /* Sources */ = {
			isa = PBXSourcesBuildPhase;
			buildActionMask = 2147483647;
			files = (
				EA48367C20B949E4009BF13E /* TableModel.m in Sources */,
				EA48367220B947CC009BF13E /* AppDelegate.m in Sources */,
				EA48367620B948E9009BF13E /* LogicViewController.m in Sources */,
				EA48367920B94910009BF13E /* LogicModel.m in Sources */,
				EA48367320B947CC009BF13E /* TableViewController.m in Sources */,
				EA48367120B947CC009BF13E /* main.m in Sources */,
			);
			runOnlyForDeploymentPostprocessing = 0;
		};
		EA48364620B942E8009BF13E /* Sources */ = {
			isa = PBXSourcesBuildPhase;
			buildActionMask = 2147483647;
			files = (
				EA48364F20B942E8009BF13E /* NoteTests.m in Sources */,
			);
			runOnlyForDeploymentPostprocessing = 0;
		};
		EA48365120B942E8009BF13E /* Sources */ = {
			isa = PBXSourcesBuildPhase;
			buildActionMask = 2147483647;
			files = (
				EA48365A20B942E8009BF13E /* NoteUITests.m in Sources */,
			);
			runOnlyForDeploymentPostprocessing = 0;
		};
/* End PBXSourcesBuildPhase section */

/* Begin PBXTargetDependency section */
		EA48364C20B942E8009BF13E /* PBXTargetDependency */ = {
			isa = PBXTargetDependency;
			target = EA48363120B942E4009BF13E /* Note */;
			targetProxy = EA48364B20B942E8009BF13E /* PBXContainerItemProxy */;
		};
		EA48365720B942E8009BF13E /* PBXTargetDependency */ = {
			isa = PBXTargetDependency;
			target = EA48363120B942E4009BF13E /* Note */;
			targetProxy = EA48365620B942E8009BF13E /* PBXContainerItemProxy */;
		};
/* End PBXTargetDependency section */

/* Begin PBXVariantGroup section */
		EA48363B20B942E4009BF13E /* Main.storyboard */ = {
			isa = PBXVariantGroup;
			children = (
				EA48363C20B942E4009BF13E /* Base */,
			);
			name = Main.storyboard;
			sourceTree = "<group>";
		};
		EA48364020B942E7009BF13E /* LaunchScreen.storyboard */ = {
			isa = PBXVariantGroup;
			children = (
				EA48364120B942E7009BF13E /* Base */,
			);
			name = LaunchScreen.storyboard;
			sourceTree = "<group>";
		};
/* End PBXVariantGroup section */

/* Begin XCBuildConfiguration section */
		EA48365C20B942E8009BF13E /* Debug */ = {
			isa = XCBuildConfiguration;
			buildSettings = {
				ALWAYS_SEARCH_USER_PATHS = NO;
				CLANG_ANALYZER_NONNULL = YES;
				CLANG_ANALYZER_NUMBER_OBJECT_CONVERSION = YES_AGGRESSIVE;
				CLANG_CXX_LANGUAGE_STANDARD = "gnu++14";
				CLANG_CXX_LIBRARY = "libc++";
				CLANG_ENABLE_MODULES = YES;
				CLANG_ENABLE_OBJC_ARC = YES;
				CLANG_ENABLE_OBJC_WEAK = YES;
				CLANG_WARN_BLOCK_CAPTURE_AUTORELEASING = YES;
				CLANG_WARN_BOOL_CONVERSION = YES;
				CLANG_WARN_COMMA = YES;
				CLANG_WARN_CONSTANT_CONVERSION = YES;
				CLANG_WARN_DEPRECATED_OBJC_IMPLEMENTATIONS = YES;
				CLANG_WARN_DIRECT_OBJC_ISA_USAGE = YES_ERROR;
				CLANG_WARN_DOCUMENTATION_COMMENTS = YES;
				CLANG_WARN_EMPTY_BODY = YES;
				CLANG_WARN_ENUM_CONVERSION = YES;
				CLANG_WARN_INFINITE_RECURSION = YES;
				CLANG_WARN_INT_CONVERSION = YES;
				CLANG_WARN_NON_LITERAL_NULL_CONVERSION = YES;
				CLANG_WARN_OBJC_IMPLICIT_RETAIN_SELF = YES;
				CLANG_WARN_OBJC_LITERAL_CONVERSION = YES;
				CLANG_WARN_OBJC_ROOT_CLASS = YES_ERROR;
				CLANG_WARN_RANGE_LOOP_ANALYSIS = YES;
				CLANG_WARN_STRICT_PROTOTYPES = YES;
				CLANG_WARN_SUSPICIOUS_MOVE = YES;
				CLANG_WARN_UNGUARDED_AVAILABILITY = YES_AGGRESSIVE;
				CLANG_WARN_UNREACHABLE_CODE = YES;
				CLANG_WARN__DUPLICATE_METHOD_MATCH = YES;
				CODE_SIGN_IDENTITY = "iPhone Developer";
				COPY_PHASE_STRIP = NO;
				DEBUG_INFORMATION_FORMAT = dwarf;
				ENABLE_STRICT_OBJC_MSGSEND = YES;
				ENABLE_TESTABILITY = YES;
				GCC_C_LANGUAGE_STANDARD = gnu11;
				GCC_DYNAMIC_NO_PIC = NO;
				GCC_NO_COMMON_BLOCKS = YES;
				GCC_OPTIMIZATION_LEVEL = 0;
				GCC_PREPROCESSOR_DEFINITIONS = (
					"DEBUG=1",
					"$(inherited)",
				);
				GCC_WARN_64_TO_32_BIT_CONVERSION = YES;
				GCC_WARN_ABOUT_RETURN_TYPE = YES_ERROR;
				GCC_WARN_UNDECLARED_SELECTOR = YES;
				GCC_WARN_UNINITIALIZED_AUTOS = YES_AGGRESSIVE;
				GCC_WARN_UNUSED_FUNCTION = YES;
				GCC_WARN_UNUSED_VARIABLE = YES;
				IPHONEOS_DEPLOYMENT_TARGET = 11.3;
				MTL_ENABLE_DEBUG_INFO = YES;
				ONLY_ACTIVE_ARCH = YES;
				SDKROOT = iphoneos;
			};
			name = Debug;
		};
		EA48365D20B942E8009BF13E /* Release */ = {
			isa = XCBuildConfiguration;
			buildSettings = {
				ALWAYS_SEARCH_USER_PATHS = NO;
				CLANG_ANALYZER_NONNULL = YES;
				CLANG_ANALYZER_NUMBER_OBJECT_CONVERSION = YES_AGGRESSIVE;
				CLANG_CXX_LANGUAGE_STANDARD = "gnu++14";
				CLANG_CXX_LIBRARY = "libc++";
				CLANG_ENABLE_MODULES = YES;
				CLANG_ENABLE_OBJC_ARC = YES;
				CLANG_ENABLE_OBJC_WEAK = YES;
				CLANG_WARN_BLOCK_CAPTURE_AUTORELEASING = YES;
				CLANG_WARN_BOOL_CONVERSION = YES;
				CLANG_WARN_COMMA = YES;
				CLANG_WARN_CONSTANT_CONVERSION = YES;
				CLANG_WARN_DEPRECATED_OBJC_IMPLEMENTATIONS = YES;
				CLANG_WARN_DIRECT_OBJC_ISA_USAGE = YES_ERROR;
				CLANG_WARN_DOCUMENTATION_COMMENTS = YES;
				CLANG_WARN_EMPTY_BODY = YES;
				CLANG_WARN_ENUM_CONVERSION = YES;
				CLANG_WARN_INFINITE_RECURSION = YES;
				CLANG_WARN_INT_CONVERSION = YES;
				CLANG_WARN_NON_LITERAL_NULL_CONVERSION = YES;
				CLANG_WARN_OBJC_IMPLICIT_RETAIN_SELF = YES;
				CLANG_WARN_OBJC_LITERAL_CONVERSION = YES;
				CLANG_WARN_OBJC_ROOT_CLASS = YES_ERROR;
				CLANG_WARN_RANGE_LOOP_ANALYSIS = YES;
				CLANG_WARN_STRICT_PROTOTYPES = YES;
				CLANG_WARN_SUSPICIOUS_MOVE = YES;
				CLANG_WARN_UNGUARDED_AVAILABILITY = YES_AGGRESSIVE;
				CLANG_WARN_UNREACHABLE_CODE = YES;
				CLANG_WARN__DUPLICATE_METHOD_MATCH = YES;
				CODE_SIGN_IDENTITY = "iPhone Developer";
				COPY_PHASE_STRIP = NO;
				DEBUG_INFORMATION_FORMAT = "dwarf-with-dsym";
				ENABLE_NS_ASSERTIONS = NO;
				ENABLE_STRICT_OBJC_MSGSEND = YES;
				GCC_C_LANGUAGE_STANDARD = gnu11;
				GCC_NO_COMMON_BLOCKS = YES;
				GCC_WARN_64_TO_32_BIT_CONVERSION = YES;
				GCC_WARN_ABOUT_RETURN_TYPE = YES_ERROR;
				GCC_WARN_UNDECLARED_SELECTOR = YES;
				GCC_WARN_UNINITIALIZED_AUTOS = YES_AGGRESSIVE;
				GCC_WARN_UNUSED_FUNCTION = YES;
				GCC_WARN_UNUSED_VARIABLE = YES;
				IPHONEOS_DEPLOYMENT_TARGET = 11.3;
				MTL_ENABLE_DEBUG_INFO = NO;
				SDKROOT = iphoneos;
				VALIDATE_PRODUCT = YES;
			};
			name = Release;
		};
		EA48365F20B942E8009BF13E /* Debug */ = {
			isa = XCBuildConfiguration;
			buildSettings = {
				ASSETCATALOG_COMPILER_APPICON_NAME = AppIcon;
				CODE_SIGN_STYLE = Automatic;
				INFOPLIST_FILE = "$(SRCROOT)/Note/Appdelegate/Info.plist";
				LD_RUNPATH_SEARCH_PATHS = (
					"$(inherited)",
					"@executable_path/Frameworks",
				);
				PRODUCT_BUNDLE_IDENTIFIER = key.Note;
				PRODUCT_NAME = "$(TARGET_NAME)";
				TARGETED_DEVICE_FAMILY = "1,2";
			};
			name = Debug;
		};
		EA48366020B942E8009BF13E /* Release */ = {
			isa = XCBuildConfiguration;
			buildSettings = {
				ASSETCATALOG_COMPILER_APPICON_NAME = AppIcon;
				CODE_SIGN_STYLE = Automatic;
				INFOPLIST_FILE = "$(SRCROOT)/Note/Appdelegate/Info.plist";
				LD_RUNPATH_SEARCH_PATHS = (
					"$(inherited)",
					"@executable_path/Frameworks",
				);
				PRODUCT_BUNDLE_IDENTIFIER = key.Note;
				PRODUCT_NAME = "$(TARGET_NAME)";
				TARGETED_DEVICE_FAMILY = "1,2";
			};
			name = Release;
		};
		EA48366220B942E8009BF13E /* Debug */ = {
			isa = XCBuildConfiguration;
			buildSettings = {
				BUNDLE_LOADER = "$(TEST_HOST)";
				CODE_SIGN_STYLE = Automatic;
				INFOPLIST_FILE = NoteTests/Info.plist;
				LD_RUNPATH_SEARCH_PATHS = (
					"$(inherited)",
					"@executable_path/Frameworks",
					"@loader_path/Frameworks",
				);
				PRODUCT_BUNDLE_IDENTIFIER = key.NoteTests;
				PRODUCT_NAME = "$(TARGET_NAME)";
				TARGETED_DEVICE_FAMILY = "1,2";
				TEST_HOST = "$(BUILT_PRODUCTS_DIR)/Note.app/Note";
			};
			name = Debug;
		};
		EA48366320B942E8009BF13E /* Release */ = {
			isa = XCBuildConfiguration;
			buildSettings = {
				BUNDLE_LOADER = "$(TEST_HOST)";
				CODE_SIGN_STYLE = Automatic;
				INFOPLIST_FILE = NoteTests/Info.plist;
				LD_RUNPATH_SEARCH_PATHS = (
					"$(inherited)",
					"@executable_path/Frameworks",
					"@loader_path/Frameworks",
				);
				PRODUCT_BUNDLE_IDENTIFIER = key.NoteTests;
				PRODUCT_NAME = "$(TARGET_NAME)";
				TARGETED_DEVICE_FAMILY = "1,2";
				TEST_HOST = "$(BUILT_PRODUCTS_DIR)/Note.app/Note";
			};
			name = Release;
		};
		EA48366520B942E8009BF13E /* Debug */ = {
			isa = XCBuildConfiguration;
			buildSettings = {
				CODE_SIGN_STYLE = Automatic;
				INFOPLIST_FILE = NoteUITests/Info.plist;
				LD_RUNPATH_SEARCH_PATHS = (
					"$(inherited)",
					"@executable_path/Frameworks",
					"@loader_path/Frameworks",
				);
				PRODUCT_BUNDLE_IDENTIFIER = key.NoteUITests;
				PRODUCT_NAME = "$(TARGET_NAME)";
				TARGETED_DEVICE_FAMILY = "1,2";
				TEST_TARGET_NAME = Note;
			};
			name = Debug;
		};
		EA48366620B942E8009BF13E /* Release */ = {
			isa = XCBuildConfiguration;
			buildSettings = {
				CODE_SIGN_STYLE = Automatic;
				INFOPLIST_FILE = NoteUITests/Info.plist;
				LD_RUNPATH_SEARCH_PATHS = (
					"$(inherited)",
					"@executable_path/Frameworks",
					"@loader_path/Frameworks",
				);
				PRODUCT_BUNDLE_IDENTIFIER = key.NoteUITests;
				PRODUCT_NAME = "$(TARGET_NAME)";
				TARGETED_DEVICE_FAMILY = "1,2";
				TEST_TARGET_NAME = Note;
			};
			name = Release;
		};
/* End XCBuildConfiguration section */

/* Begin XCConfigurationList section */
		EA48362D20B942E4009BF13E /* Build configuration list for PBXProject "Note" */ = {
			isa = XCConfigurationList;
			buildConfigurations = (
				EA48365C20B942E8009BF13E /* Debug */,
				EA48365D20B942E8009BF13E /* Release */,
			);
			defaultConfigurationIsVisible = 0;
			defaultConfigurationName = Release;
		};
		EA48365E20B942E8009BF13E /* Build configuration list for PBXNativeTarget "Note" */ = {
			isa = XCConfigurationList;
			buildConfigurations = (
				EA48365F20B942E8009BF13E /* Debug */,
				EA48366020B942E8009BF13E /* Release */,
			);
			defaultConfigurationIsVisible = 0;
			defaultConfigurationName = Release;
		};
		EA48366120B942E8009BF13E /* Build configuration list for PBXNativeTarget "NoteTests" */ = {
			isa = XCConfigurationList;
			buildConfigurations = (
				EA48366220B942E8009BF13E /* Debug */,
				EA48366320B942E8009BF13E /* Release */,
			);
			defaultConfigurationIsVisible = 0;
			defaultConfigurationName = Release;
		};
		EA48366420B942E8009BF13E /* Build configuration list for PBXNativeTarget "NoteUITests" */ = {
			isa = XCConfigurationList;
			buildConfigurations = (
				EA48366520B942E8009BF13E /* Debug */,
				EA48366620B942E8009BF13E /* Release */,
			);
			defaultConfigurationIsVisible = 0;
			defaultConfigurationName = Release;
		};
/* End XCConfigurationList section */
	};
	rootObject = EA48362A20B942E4009BF13E /* Project object */;
}
